// !$*UTF8*$!
{
	archiveVersion = 1;
	classes = {
	};
	objectVersion = 46;
	objects = {
		10C4FF8AF4AEBFF330DB33A8 = {
			isa = PBXBuildFile;
			fileRef = D4DA039DED4D7C28CDF95D88;
		};
		6F425540608DBCEB75B78866 = {
			isa = PBXBuildFile;
			fileRef = 79E8133CAB001003E3EF688B;
		};
		134159A6F8353AA8E4D7D828 = {
			isa = PBXBuildFile;
			fileRef = 289EA1DD921DEF428A6FDA60;
		};
		EEC72B6FBD9A9F48FF9FB6EF = {
			isa = PBXBuildFile;
			fileRef = FED11CBE7845F47C48658244;
		};
		C9AE08B2F288EFE616AE4A98 = {
			isa = PBXBuildFile;
			fileRef = 9E8E4AFA7C70F822323DC9C8;
		};
		91B402B26F94F22679646F26 = {
			isa = PBXBuildFile;
			fileRef = 72305DC3B154A57582317C61;
		};
		727ADBD8671586206F376BFE = {
			isa = PBXBuildFile;
			fileRef = E2E5B587E70F07D7A40CDB00;
		};
		95B401AF7989125260E4E91B = {
			isa = PBXBuildFile;
			fileRef = 0CB0AC13605043E73379440E;
		};
		64A06970F72D6D1CE24BADE7 = {
			isa = PBXBuildFile;
			fileRef = F046A32E1B9976A9E7B0C1FF;
		};
		EBC398188424C87D65E9C52D = {
			isa = PBXBuildFile;
			fileRef = 995C70BB20E14D985FDA5DFF;
		};
		E043A790406119A39F15EE49 = {
			isa = PBXBuildFile;
			fileRef = 773801B5CC8FBCF06BB56028;
		};
		524E0BA1E4017C43363CCB7D = {
			isa = PBXBuildFile;
			fileRef = ACF29FDEC623EBC92022498C;
		};
		A3B1E3DA7D3BC90583C79892 = {
			isa = PBXBuildFile;
			fileRef = D7277F64B5B8457FD78B8616;
		};
		109822ABBA46122A3848218D = {
			isa = PBXBuildFile;
			fileRef = F2F1E993C8C00397C900DDC7;
		};
		28B3E09F50E348CC7964672F = {
			isa = PBXBuildFile;
			fileRef = 7B845F018A9C395E14D581F0;
		};
		355268334EB88925B7D8148D = {
			isa = PBXBuildFile;
			fileRef = FCA2D5F4446AAC91536825C7;
		};
		0577A1C6F08343140BC251E2 = {
			isa = PBXBuildFile;
			fileRef = 3E371C4482BE3928B25AC3B2;
		};
		91C1F767510FC6D11C407D96 = {
			isa = PBXBuildFile;
			fileRef = 072EA0C0E22E858DF862B810;
		};
		4EA846513C962674A1B54F09 = {
			isa = PBXBuildFile;
			fileRef = 8061C26A256EE96B052DBBCD;
		};
		389EEB1DE6C60DBDD8F18109 = {
			isa = PBXBuildFile;
			fileRef = EE775C4899E4A6E51A97DA98;
		};
		9439B0CAC7289989E9A953EB = {
			isa = PBXBuildFile;
			fileRef = 26D6C481142C9AD541C0892E;
		};
		A2842DBB4129D5E89098040B = {
			isa = PBXBuildFile;
			fileRef = 22E51F636328C382FFDA1A9C;
		};
		C7FFAFDB9EA9CF32CE77E19C = {
			isa = PBXBuildFile;
			fileRef = 934F8B30AD101A82871003AE;
		};
		0683F303630E4B543C438D41 = {
			isa = PBXBuildFile;
			fileRef = DC08AD1885660D360DDA5AE1;
		};
		3D0C5B2A1E0532702BAF5490 = {
			isa = PBXBuildFile;
			fileRef = 7D66AA1439DCFF720F9E1DDB;
		};
		EC24B323401568F08FAD4DB3 = {
			isa = PBXBuildFile;
			fileRef = C263A82BA0307F749A46BFF6;
		};
		C550E6A954D98CEE6D60FE1B = {
			isa = PBXBuildFile;
			fileRef = 248D4E4A3B4F1DC7495599FF;
		};
		F528FF31FDF5781C1913C42B = {
			isa = PBXBuildFile;
			fileRef = B3A7B4624B73DE460EBE3E38;
		};
		74EE7B8C34AC73E213ED77A7 = {
			isa = PBXBuildFile;
			fileRef = 489394C79C117D886215BA48;
		};
		5E94DB30C17F7FE73AC38D0F = {
			isa = PBXBuildFile;
			fileRef = A28AD3D54002E10470975424;
		};
		3592CFDEA32E9C62255032D8 = {
			isa = PBXBuildFile;
			fileRef = 5D49B7FDC8CD5DC42425E1D7;
		};
		A8B873DF7A206461790C0ECF = {
			isa = PBXBuildFile;
			fileRef = 3E5DB9CD89158A8C68BB5E6C;
		};
		53D5AE284C3A7492A58DE084 = {
			isa = PBXBuildFile;
			fileRef = 3D1AF9536AC6717204DB81FD;
		};
		EF40E75940502920AEA38100 = {
			isa = PBXBuildFile;
			fileRef = F7C5E08C15D63A0D810A54C8;
		};
		F7C826C49B37DF560D086C7E = {
			isa = PBXBuildFile;
			fileRef = 7142E2C9EDF5640429892BA7;
		};
		E73E5B761674653E33AB0780 = {
			isa = PBXBuildFile;
			fileRef = 3318AC0A975959B99136ADAA;
		};
		D5D781CB5FCF4E364D5CACF8 = {
			isa = PBXBuildFile;
			fileRef = A5F7AF69990D403C4F7B210F;
		};
		13C887543DB16113033CC0C6 = {
			isa = PBXBuildFile;
			fileRef = F8EF1309F18F7F7509C3694A;
		};
		CE03BB852631D7C0EB0C2228 = {
			isa = PBXBuildFile;
			fileRef = 951A525882B87EABC162C190;
		};
		9FC6D90764DB58F727454FB7 = {
			isa = PBXBuildFile;
			fileRef = 87EC898AF994BC9AFA05C6C9;
		};
		D8C96B1CC113EE9F962C5B5D = {
			isa = PBXBuildFile;
			fileRef = 488C2CB8BDD96F3DF6F9912C;
		};
		51530F76ED4712D3F727528D = {
			isa = PBXBuildFile;
			fileRef = B797CC20488A6358E8C5509D;
		};
		3D214380127D3D558E894935 = {
			isa = PBXBuildFile;
			fileRef = CE320C89F5BC97B56C68AEBE;
		};
		4E6DA37690ACC6BD910CD92B = {
			isa = PBXBuildFile;
			fileRef = 0BB38D69F366D955F635E3CB;
		};
		CE6B248B3F1B2003DB368676 = {
			isa = PBXBuildFile;
			fileRef = 4EB0E74D8348CD0EF8EF17C0;
		};
		DD1C4DC2F7939087719F2A0B = {
			isa = PBXBuildFile;
			fileRef = 9AAE43C87FA85CB3AD6301B7;
		};
		AA9B44157AF45CD68BA69368 = {
			isa = PBXBuildFile;
			fileRef = 4B3AFB934C20280C035A8283;
		};
		955B7A4D1EDFF48CFC147A39 = {
			isa = PBXBuildFile;
			fileRef = AE87B9A7AD921481700227BB;
		};
		0A5034625B5A07A97936DB9F = {
			isa = PBXBuildFile;
			fileRef = A2E2055A0073C6B15302572A;
		};
		334EF618B59EA73951481B09 = {
			isa = PBXBuildFile;
			fileRef = 0E7E60C0C701DC21CA5A6E7C;
		};
		0042360BA6F64689FC6EA92B = {
			isa = PBXBuildFile;
			fileRef = E451CA2EB27E6EF98048E814;
		};
		EF56CCE08FB30933EE1E7B5B = {
			isa = PBXBuildFile;
			fileRef = FEE7401538538306A4CE8165;
		};
		A5C1900CF3F8F708EACE3608 = {
			isa = PBXBuildFile;
			fileRef = 0F0AD9D49410178840B63E84;
		};
		C42417DF2862267AB2DD9BF6 = {
			isa = PBXBuildFile;
			fileRef = C1B146B98BB4972140C425D5;
		};
		0A91C451EEC5AC089EA2DD25 = {
			isa = PBXBuildFile;
			fileRef = 38E1F733689930F54C9680DF;
		};
		CCEF69B38C77BC0B0AF17D83 = {
			isa = PBXBuildFile;
			fileRef = 1B13148A1F348D9C34C15AE9;
		};
		E81848B74B45308AECCBD076 = {
			isa = PBXBuildFile;
			fileRef = 8863CCA4AA7D0E9F492A0965;
		};
		D9AED40D195BD764AC6ABA4D = {
			isa = PBXBuildFile;
			fileRef = 764167B10DBEBE0AE7AD19B1;
		};
		072EA0C0E22E858DF862B810 = {
			isa = PBXFileReference;
			lastKnownFileType = wrapper.framework;
			name = OpenGL.framework;
			path = System/Library/Frameworks/OpenGL.framework;
			sourceTree = SDKROOT;
		};
		0B3DD826395C23DBDC34F619 = {
			isa = PBXFileReference;
			lastKnownFileType = file;
			name = "juce_data_structures";
			path = "/Applications/JUCE/modules/juce_data_structures";
			sourceTree = "<absolute>";
		};
		0BB38D69F366D955F635E3CB = {
			isa = PBXFileReference;
			lastKnownFileType = sourcecode.cpp.cpp;
			name = "include_juce_audio_plugin_client_utils.cpp";
			path = "../../JuceLibraryCode/include_juce_audio_plugin_client_utils.cpp";
			sourceTree = "SOURCE_ROOT";
		};
		0CB0AC13605043E73379440E = {
			isa = PBXFileReference;
			lastKnownFileType = wrapper.framework;
			name = AVFoundation.framework;
			path = System/Library/Frameworks/AVFoundation.framework;
			sourceTree = SDKROOT;
		};
		0E7E60C0C701DC21CA5A6E7C = {
			isa = PBXFileReference;
			lastKnownFileType = sourcecode.cpp.objcpp;
			name = "include_juce_cryptography.mm";
			path = "../../JuceLibraryCode/include_juce_cryptography.mm";
			sourceTree = "SOURCE_ROOT";
		};
		0EAEB7725F7A9668F7224CA1 = {
			isa = PBXFileReference;
			lastKnownFileType = sourcecode.c.h;
			name = maxim.h;
			path = ../../../../../../../Maximilian/libs/maxim.h;
			sourceTree = "SOURCE_ROOT";
		};
		0F0AD9D49410178840B63E84 = {
			isa = PBXFileReference;
			lastKnownFileType = sourcecode.cpp.objcpp;
			name = "include_juce_events.mm";
			path = "../../JuceLibraryCode/include_juce_events.mm";
			sourceTree = "SOURCE_ROOT";
		};
		1680417E19C3449C97BBD294 = {
			isa = PBXFileReference;
			lastKnownFileType = sourcecode.c.h;
			name = SynthSound.h;
			path = ../../Source/SynthSound.h;
			sourceTree = "SOURCE_ROOT";
		};
		16880488028F689D9348FF71 = {
			isa = PBXFileReference;
			lastKnownFileType = file;
			name = "juce_audio_devices";
			path = "/Applications/JUCE/modules/juce_audio_devices";
			sourceTree = "<absolute>";
		};
		19E67D2A17FFCA2FA1F381FA = {
			isa = PBXFileReference;
			lastKnownFileType = file;
			name = "juce_gui_extra";
			path = "/Applications/JUCE/modules/juce_gui_extra";
			sourceTree = "<absolute>";
		};
		1B13148A1F348D9C34C15AE9 = {
			isa = PBXFileReference;
			lastKnownFileType = sourcecode.cpp.objcpp;
			name = "include_juce_gui_extra.mm";
			path = "../../JuceLibraryCode/include_juce_gui_extra.mm";
			sourceTree = "SOURCE_ROOT";
		};
		22E51F636328C382FFDA1A9C = {
			isa = PBXFileReference;
			lastKnownFileType = sourcecode.cpp.cpp;
			name = SubVoice.cpp;
			path = ../../Source/SubVoice.cpp;
			sourceTree = "SOURCE_ROOT";
		};
		248D4E4A3B4F1DC7495599FF = {
			isa = PBXFileReference;
			lastKnownFileType = sourcecode.cpp.cpp;
			name = Envelopes.cpp;
			path = ../../Source/Envelopes.cpp;
			sourceTree = "SOURCE_ROOT";
		};
		26D6C481142C9AD541C0892E = {
			isa = PBXFileReference;
			lastKnownFileType = file.nib;
			name = RecentFilesMenuTemplate.nib;
			path = RecentFilesMenuTemplate.nib;
			sourceTree = "SOURCE_ROOT";
		};
		27A341FE3C8A6E84492E40F9 = {
			isa = PBXFileReference;
			lastKnownFileType = sourcecode.c.h;
			name = AppConfig.h;
			path = ../../JuceLibraryCode/AppConfig.h;
			sourceTree = "SOURCE_ROOT";
		};
		3318AC0A975959B99136ADAA = {
			isa = PBXFileReference;
			lastKnownFileType = sourcecode.cpp.cpp;
			name = Tests.cpp;
			path = ../../Source/Tests.cpp;
			sourceTree = "SOURCE_ROOT";
		};
		38E1F733689930F54C9680DF = {
			isa = PBXFileReference;
			lastKnownFileType = sourcecode.cpp.objcpp;
			name = "include_juce_gui_basics.mm";
			path = "../../JuceLibraryCode/include_juce_gui_basics.mm";
			sourceTree = "SOURCE_ROOT";
		};
		3BBCA715CEEBBF534907DB09 = {
			isa = PBXFileReference;
			lastKnownFileType = sourcecode.c.h;
			name = maxiFFT.h;
			path = ../../../../../../../Maximilian/libs/maxiFFT.h;
			sourceTree = "SOURCE_ROOT";
		};
		3C8F0282ED1B80C02213DF7E = {
			isa = PBXFileReference;
			lastKnownFileType = file;
			name = "juce_video";
			path = "/Applications/JUCE/modules/juce_video";
			sourceTree = "<absolute>";
		};
		773801B5CC8FBCF06BB56028 = {
			isa = PBXFileReference;
			lastKnownFileType = wrapper.framework;
			name = Cocoa.framework;
			path = System/Library/Frameworks/Cocoa.framework;
			sourceTree = SDKROOT;
		};
		D4DA039DED4D7C28CDF95D88 = {
			isa = PBXFileReference;
			explicitFileType = wrapper.cfbundle;
			includeInIndex = 0;
			path = TFX.vst3;
			sourceTree = "BUILT_PRODUCTS_DIR";
		};
		79E8133CAB001003E3EF688B = {
			isa = PBXFileReference;
			explicitFileType = wrapper.cfbundle;
			includeInIndex = 0;
			path = TFX.component;
			sourceTree = "BUILT_PRODUCTS_DIR";
		};
		289EA1DD921DEF428A6FDA60 = {
			isa = PBXFileReference;
			explicitFileType = wrapper.application;
			includeInIndex = 0;
			path = TFX.app;
			sourceTree = "BUILT_PRODUCTS_DIR";
		};
		39CDF73BFF0ABC1F9CA33CBC = {
			isa = PBXFileReference;
			lastKnownFileType = sourcecode.c.h;
			name = Envelopes.h;
			path = ../../Source/Envelopes.h;
			sourceTree = "SOURCE_ROOT";
		};
		3D1AF9536AC6717204DB81FD = {
			isa = PBXFileReference;
			lastKnownFileType = sourcecode.cpp.cpp;
			name = maxiMFCC.cpp;
			path = ../../../../../../../Maximilian/libs/maxiMFCC.cpp;
			sourceTree = "SOURCE_ROOT";
		};
		3E371C4482BE3928B25AC3B2 = {
			isa = PBXFileReference;
			lastKnownFileType = wrapper.framework;
			name = IOKit.framework;
			path = System/Library/Frameworks/IOKit.framework;
			sourceTree = SDKROOT;
		};
		3E5DB9CD89158A8C68BB5E6C = {
			isa = PBXFileReference;
			lastKnownFileType = sourcecode.cpp.cpp;
			name = maxiGrains.cpp;
			path = ../../../../../../../Maximilian/libs/maxiGrains.cpp;
			sourceTree = "SOURCE_ROOT";
		};
		3E68586BD38D7FA0CF9C6765 = {
			isa = PBXFileReference;
			lastKnownFileType = text.plist.xml;
			name = "Info-VST3.plist";
			path = "Info-VST3.plist";
			sourceTree = "SOURCE_ROOT";
		};
		4180A9A9AF5F66BB1102CB36 = {
			isa = PBXFileReference;
			lastKnownFileType = sourcecode.c.h;
			name = maximilian.h;
			path = ../../../../../../../Maximilian/maximilian.h;
			sourceTree = "SOURCE_ROOT";
		};
		42A585BD05B70369D5DA0D72 = {
			isa = PBXFileReference;
			lastKnownFileType = file;
			name = "juce_events";
			path = "/Applications/JUCE/modules/juce_events";
			sourceTree = "<absolute>";
		};
		488C2CB8BDD96F3DF6F9912C = {
			isa = PBXFileReference;
			lastKnownFileType = sourcecode.cpp.objcpp;
			name = "include_juce_audio_plugin_client_AU_1.mm";
			path = "../../JuceLibraryCode/include_juce_audio_plugin_client_AU_1.mm";
			sourceTree = "SOURCE_ROOT";
		};
		489394C79C117D886215BA48 = {
			isa = PBXFileReference;
			lastKnownFileType = sourcecode.cpp.cpp;
			name = maxiAtoms.cpp;
			path = ../../../../../../../Maximilian/libs/maxiAtoms.cpp;
			sourceTree = "SOURCE_ROOT";
		};
		4A520F463497140330189501 = {
			isa = PBXFileReference;
			lastKnownFileType = text.plist.xml;
			name = "Info-AU.plist";
			path = "Info-AU.plist";
			sourceTree = "SOURCE_ROOT";
		};
		4B3399C7A79A7476A6131C92 = {
			isa = PBXFileReference;
			lastKnownFileType = file;
			name = "juce_graphics";
			path = "/Applications/JUCE/modules/juce_graphics";
			sourceTree = "<absolute>";
		};
		4B3AFB934C20280C035A8283 = {
			isa = PBXFileReference;
			lastKnownFileType = sourcecode.cpp.objcpp;
			name = "include_juce_audio_processors.mm";
			path = "../../JuceLibraryCode/include_juce_audio_processors.mm";
			sourceTree = "SOURCE_ROOT";
		};
		4EB0E74D8348CD0EF8EF17C0 = {
			isa = PBXFileReference;
			lastKnownFileType = sourcecode.cpp.objcpp;
			name = "include_juce_audio_plugin_client_VST_utils.mm";
			path = "../../JuceLibraryCode/include_juce_audio_plugin_client_VST_utils.mm";
			sourceTree = "SOURCE_ROOT";
		};
		53E07AD78D513DC2FAFF3FF5 = {
			isa = PBXFileReference;
			lastKnownFileType = sourcecode.c.h;
			name = maxiAtoms.h;
			path = ../../../../../../../Maximilian/libs/maxiAtoms.h;
			sourceTree = "SOURCE_ROOT";
		};
		5D49B7FDC8CD5DC42425E1D7 = {
			isa = PBXFileReference;
			lastKnownFileType = sourcecode.cpp.cpp;
			name = maxiFFT.cpp;
			path = ../../../../../../../Maximilian/libs/maxiFFT.cpp;
			sourceTree = "SOURCE_ROOT";
		};
		5EBC18973F13852E30C52DD5 = {
			isa = PBXFileReference;
			lastKnownFileType = sourcecode.c.h;
			name = PluginProcessor.h;
			path = ../../Source/PluginProcessor.h;
			sourceTree = "SOURCE_ROOT";
		};
		600B930DDFD2A03D402EC97F = {
			isa = PBXFileReference;
			lastKnownFileType = file;
			name = "juce_audio_plugin_client";
			path = "/Applications/JUCE/modules/juce_audio_plugin_client";
			sourceTree = "<absolute>";
		};
		659299A22AC453C1381A44F9 = {
			isa = PBXFileReference;
			lastKnownFileType = text.plist.xml;
			name = "Info-Standalone_Plugin.plist";
			path = "Info-Standalone_Plugin.plist";
			sourceTree = "SOURCE_ROOT";
		};
		68FA6A26E88A9817C36BD992 = {
			isa = PBXFileReference;
			lastKnownFileType = file;
			name = "juce_gui_basics";
			path = "/Applications/JUCE/modules/juce_gui_basics";
			sourceTree = "<absolute>";
		};
		7142E2C9EDF5640429892BA7 = {
			isa = PBXFileReference;
			lastKnownFileType = sourcecode.cpp.cpp;
			name = maximilian.cpp;
			path = ../../../../../../../Maximilian/maximilian.cpp;
			sourceTree = "SOURCE_ROOT";
		};
		72305DC3B154A57582317C61 = {
			isa = PBXFileReference;
			lastKnownFileType = wrapper.framework;
			name = Accelerate.framework;
			path = System/Library/Frameworks/Accelerate.framework;
			sourceTree = SDKROOT;
		};
		736BE58C2C78697023B268D6 = {
			isa = PBXFileReference;
			lastKnownFileType = sourcecode.c.h;
			name = JucePluginDefines.h;
			path = ../../JuceLibraryCode/JucePluginDefines.h;
			sourceTree = "SOURCE_ROOT";
		};
		752DEB01EDD0D0650FE7CD1D = {
			isa = PBXFileReference;
			lastKnownFileType = file;
			name = "juce_opengl";
			path = "/Applications/JUCE/modules/juce_opengl";
			sourceTree = "<absolute>";
		};
		7583118DC3DB096E320768DB = {
			isa = PBXFileReference;
			lastKnownFileType = file;
			name = "juce_audio_utils";
			path = "/Applications/JUCE/modules/juce_audio_utils";
			sourceTree = "<absolute>";
		};
		764167B10DBEBE0AE7AD19B1 = {
			isa = PBXFileReference;
			lastKnownFileType = sourcecode.cpp.objcpp;
			name = "include_juce_video.mm";
			path = "../../JuceLibraryCode/include_juce_video.mm";
			sourceTree = "SOURCE_ROOT";
		};
		78EA8BED64F07E8746F29BCE = {
			isa = PBXFileReference;
			lastKnownFileType = file;
			name = "juce_dsp";
			path = "/Applications/JUCE/modules/juce_dsp";
			sourceTree = "<absolute>";
		};
		7B845F018A9C395E14D581F0 = {
			isa = PBXFileReference;
			lastKnownFileType = wrapper.framework;
			name = CoreMIDI.framework;
			path = System/Library/Frameworks/CoreMIDI.framework;
			sourceTree = SDKROOT;
		};
		7B92142BD2EA8F9397489461 = {
			isa = PBXFileReference;
			lastKnownFileType = sourcecode.c.h;
			name = maxiGrains.h;
			path = ../../../../../../../Maximilian/libs/maxiGrains.h;
			sourceTree = "SOURCE_ROOT";
		};
		7D66AA1439DCFF720F9E1DDB = {
			isa = PBXFileReference;
			lastKnownFileType = sourcecode.cpp.cpp;
			name = PluginProcessor.cpp;
			path = ../../Source/PluginProcessor.cpp;
			sourceTree = "SOURCE_ROOT";
		};
		7F654678666084763E1317FD = {
			isa = PBXFileReference;
			lastKnownFileType = sourcecode.c.h;
			name = PluginEditor.h;
			path = ../../Source/PluginEditor.h;
			sourceTree = "SOURCE_ROOT";
		};
		8061C26A256EE96B052DBBCD = {
			isa = PBXFileReference;
			lastKnownFileType = wrapper.framework;
			name = QuartzCore.framework;
			path = System/Library/Frameworks/QuartzCore.framework;
			sourceTree = SDKROOT;
		};
		87EC898AF994BC9AFA05C6C9 = {
			isa = PBXFileReference;
			lastKnownFileType = file.r;
			name = "include_juce_audio_plugin_client_AU.r";
			path = "../../JuceLibraryCode/include_juce_audio_plugin_client_AU.r";
			sourceTree = "SOURCE_ROOT";
		};
		8863CCA4AA7D0E9F492A0965 = {
			isa = PBXFileReference;
			lastKnownFileType = sourcecode.cpp.objcpp;
			name = "include_juce_opengl.mm";
			path = "../../JuceLibraryCode/include_juce_opengl.mm";
			sourceTree = "SOURCE_ROOT";
		};
		8A6F382A5F8018238A9E6B74 = {
			isa = PBXFileReference;
			lastKnownFileType = sourcecode.c.h;
			name = SubVoice.h;
			path = ../../Source/SubVoice.h;
			sourceTree = "SOURCE_ROOT";
		};
		8D9EF32F95E30DC04A6BED68 = {
			isa = PBXFileReference;
			lastKnownFileType = sourcecode.c.h;
			name = maxiMFCC.h;
			path = ../../../../../../../Maximilian/libs/maxiMFCC.h;
			sourceTree = "SOURCE_ROOT";
		};
		900D589EACCA7BDCA4AF2FEB = {
			isa = PBXFileReference;
			lastKnownFileType = sourcecode.c.h;
			name = SynthVoice.h;
			path = ../../Source/SynthVoice.h;
			sourceTree = "SOURCE_ROOT";
		};
		92DEE12E6C86E38F2053C386 = {
			isa = PBXFileReference;
			lastKnownFileType = file;
			name = "juce_audio_processors";
			path = "/Applications/JUCE/modules/juce_audio_processors";
			sourceTree = "<absolute>";
		};
		934F8B30AD101A82871003AE = {
			isa = PBXFileReference;
			lastKnownFileType = sourcecode.cpp.cpp;
			name = SynthVoice.cpp;
			path = ../../Source/SynthVoice.cpp;
			sourceTree = "SOURCE_ROOT";
		};
		951A525882B87EABC162C190 = {
			isa = PBXFileReference;
			lastKnownFileType = sourcecode.cpp.objcpp;
			name = "include_juce_audio_formats.mm";
			path = "../../JuceLibraryCode/include_juce_audio_formats.mm";
			sourceTree = "SOURCE_ROOT";
		};
		96ED3B0DD5E26616F823EAF8 = {
			isa = PBXFileReference;
			lastKnownFileType = file;
			name = "juce_audio_formats";
			path = "/Applications/JUCE/modules/juce_audio_formats";
			sourceTree = "<absolute>";
		};
		995C70BB20E14D985FDA5DFF = {
			isa = PBXFileReference;
			lastKnownFileType = wrapper.framework;
			name = Carbon.framework;
			path = System/Library/Frameworks/Carbon.framework;
			sourceTree = SDKROOT;
		};
		9AAE43C87FA85CB3AD6301B7 = {
			isa = PBXFileReference;
			lastKnownFileType = sourcecode.cpp.cpp;
			name = "include_juce_audio_plugin_client_VST3.cpp";
			path = "../../JuceLibraryCode/include_juce_audio_plugin_client_VST3.cpp";
			sourceTree = "SOURCE_ROOT";
		};
		9E8E4AFA7C70F822323DC9C8 = {
			isa = PBXFileReference;
			lastKnownFileType = wrapper.framework;
			name = AudioUnit.framework;
			path = System/Library/Frameworks/AudioUnit.framework;
			sourceTree = SDKROOT;
		};
		A1440DAB0D2521E67F4E2C7B = {
			isa = PBXFileReference;
			lastKnownFileType = file;
			name = "juce_cryptography";
			path = "/Applications/JUCE/modules/juce_cryptography";
			sourceTree = "<absolute>";
		};
		A28AD3D54002E10470975424 = {
			isa = PBXFileReference;
			lastKnownFileType = sourcecode.cpp.cpp;
			name = maxiBark.cpp;
			path = ../../../../../../../Maximilian/libs/maxiBark.cpp;
			sourceTree = "SOURCE_ROOT";
		};
		A2E2055A0073C6B15302572A = {
			isa = PBXFileReference;
			lastKnownFileType = sourcecode.cpp.objcpp;
			name = "include_juce_core.mm";
			path = "../../JuceLibraryCode/include_juce_core.mm";
			sourceTree = "SOURCE_ROOT";
		};
		A5F7AF69990D403C4F7B210F = {
			isa = PBXFileReference;
			lastKnownFileType = sourcecode.cpp.objcpp;
			name = "include_juce_audio_basics.mm";
			path = "../../JuceLibraryCode/include_juce_audio_basics.mm";
			sourceTree = "SOURCE_ROOT";
		};
		A91B7A5FA4D7FFB5A3D39AA3 = {
			isa = PBXFileReference;
			lastKnownFileType = sourcecode.c.h;
			name = JuceHeader.h;
			path = ../../JuceLibraryCode/JuceHeader.h;
			sourceTree = "SOURCE_ROOT";
		};
		ACF29FDEC623EBC92022498C = {
			isa = PBXFileReference;
			lastKnownFileType = wrapper.framework;
			name = CoreAudio.framework;
			path = System/Library/Frameworks/CoreAudio.framework;
			sourceTree = SDKROOT;
		};
		AE87B9A7AD921481700227BB = {
			isa = PBXFileReference;
			lastKnownFileType = sourcecode.cpp.objcpp;
			name = "include_juce_audio_utils.mm";
			path = "../../JuceLibraryCode/include_juce_audio_utils.mm";
			sourceTree = "SOURCE_ROOT";
		};
		B3A7B4624B73DE460EBE3E38 = {
			isa = PBXFileReference;
			lastKnownFileType = sourcecode.cpp.cpp;
			name = fft.cpp;
			path = ../../../../../../../Maximilian/libs/fft.cpp;
			sourceTree = "SOURCE_ROOT";
		};
		B797CC20488A6358E8C5509D = {
			isa = PBXFileReference;
			lastKnownFileType = sourcecode.cpp.objcpp;
			name = "include_juce_audio_plugin_client_AU_2.mm";
			path = "../../JuceLibraryCode/include_juce_audio_plugin_client_AU_2.mm";
			sourceTree = "SOURCE_ROOT";
		};
		BA50080A95359B281CB42C4E = {
			isa = PBXFileReference;
			lastKnownFileType = file;
			name = "juce_audio_basics";
			path = "/Applications/JUCE/modules/juce_audio_basics";
			sourceTree = "<absolute>";
		};
		BE0A12DCCE5C8F58AC1DDE65 = {
			isa = PBXFileReference;
			lastKnownFileType = file;
			name = "juce_core";
			path = "/Applications/JUCE/modules/juce_core";
			sourceTree = "<absolute>";
		};
		C1B146B98BB4972140C425D5 = {
			isa = PBXFileReference;
			lastKnownFileType = sourcecode.cpp.objcpp;
			name = "include_juce_graphics.mm";
			path = "../../JuceLibraryCode/include_juce_graphics.mm";
			sourceTree = "SOURCE_ROOT";
		};
		C263A82BA0307F749A46BFF6 = {
			isa = PBXFileReference;
			lastKnownFileType = sourcecode.cpp.cpp;
			name = DSP.cpp;
			path = ../../Source/DSP.cpp;
			sourceTree = "SOURCE_ROOT";
		};
		C8AC3E98741CE062E9535B30 = {
			isa = PBXFileReference;
			lastKnownFileType = sourcecode.c.h;
			name = fft.h;
			path = ../../../../../../../Maximilian/libs/fft.h;
			sourceTree = "SOURCE_ROOT";
		};
		CE320C89F5BC97B56C68AEBE = {
			isa = PBXFileReference;
			lastKnownFileType = sourcecode.cpp.cpp;
			name = "include_juce_audio_plugin_client_Standalone.cpp";
			path = "../../JuceLibraryCode/include_juce_audio_plugin_client_Standalone.cpp";
			sourceTree = "SOURCE_ROOT";
		};
		D7277F64B5B8457FD78B8616 = {
			isa = PBXFileReference;
			lastKnownFileType = wrapper.framework;
			name = CoreAudioKit.framework;
			path = System/Library/Frameworks/CoreAudioKit.framework;
			sourceTree = SDKROOT;
		};
		DC08AD1885660D360DDA5AE1 = {
			isa = PBXFileReference;
			lastKnownFileType = sourcecode.cpp.cpp;
			name = PluginEditor.cpp;
			path = ../../Source/PluginEditor.cpp;
			sourceTree = "SOURCE_ROOT";
		};
		E2E5B587E70F07D7A40CDB00 = {
			isa = PBXFileReference;
			lastKnownFileType = wrapper.framework;
			name = AudioToolbox.framework;
			path = System/Library/Frameworks/AudioToolbox.framework;
			sourceTree = SDKROOT;
		};
		E451CA2EB27E6EF98048E814 = {
			isa = PBXFileReference;
			lastKnownFileType = sourcecode.cpp.objcpp;
			name = "include_juce_data_structures.mm";
			path = "../../JuceLibraryCode/include_juce_data_structures.mm";
			sourceTree = "SOURCE_ROOT";
		};
		E51C182A9177ED8E6686A85E = {
			isa = PBXFileReference;
			lastKnownFileType = sourcecode.c.h;
			name = maxiBark.h;
			path = ../../../../../../../Maximilian/libs/maxiBark.h;
			sourceTree = "SOURCE_ROOT";
		};
		EA72CCDFDC52175BABFEC299 = {
			isa = PBXFileReference;
			lastKnownFileType = sourcecode.c.h;
			name = DSP.h;
			path = ../../Source/DSP.h;
			sourceTree = "SOURCE_ROOT";
		};
		EE775C4899E4A6E51A97DA98 = {
			isa = PBXFileReference;
			lastKnownFileType = wrapper.framework;
			name = WebKit.framework;
			path = System/Library/Frameworks/WebKit.framework;
			sourceTree = SDKROOT;
		};
		F046A32E1B9976A9E7B0C1FF = {
			isa = PBXFileReference;
			lastKnownFileType = wrapper.framework;
			name = AVKit.framework;
			path = System/Library/Frameworks/AVKit.framework;
			sourceTree = SDKROOT;
		};
		F2F1E993C8C00397C900DDC7 = {
			isa = PBXFileReference;
			lastKnownFileType = wrapper.framework;
			name = CoreMedia.framework;
			path = System/Library/Frameworks/CoreMedia.framework;
			sourceTree = SDKROOT;
		};
		F7C5E08C15D63A0D810A54C8 = {
			isa = PBXFileReference;
			lastKnownFileType = sourcecode.cpp.cpp;
			name = main.cpp;
			path = ../../../../../../../Maximilian/main.cpp;
			sourceTree = "SOURCE_ROOT";
		};
		F8EF1309F18F7F7509C3694A = {
			isa = PBXFileReference;
			lastKnownFileType = sourcecode.cpp.objcpp;
			name = "include_juce_audio_devices.mm";
			path = "../../JuceLibraryCode/include_juce_audio_devices.mm";
			sourceTree = "SOURCE_ROOT";
		};
		FA8CB8C444FD1364FC688ABE = {
			isa = PBXFileReference;
			lastKnownFileType = sourcecode.c.h;
			name = sineTable.h;
			path = ../../../../../../../Maximilian/libs/sineTable.h;
			sourceTree = "SOURCE_ROOT";
		};
		FCA2D5F4446AAC91536825C7 = {
			isa = PBXFileReference;
			lastKnownFileType = wrapper.framework;
			name = DiscRecording.framework;
			path = System/Library/Frameworks/DiscRecording.framework;
			sourceTree = SDKROOT;
		};
		FCDC25609D03CD5F31A09E94 = {
			isa = PBXFileReference;
			lastKnownFileType = sourcecode.c.h;
			name = Tests.h;
			path = ../../Source/Tests.h;
			sourceTree = "SOURCE_ROOT";
		};
		FED11CBE7845F47C48658244 = {
			isa = PBXFileReference;
			explicitFileType = archive.ar;
			includeInIndex = 0;
			path = libTFX.a;
			sourceTree = "BUILT_PRODUCTS_DIR";
		};
		FEE7401538538306A4CE8165 = {
			isa = PBXFileReference;
			lastKnownFileType = sourcecode.cpp.objcpp;
			name = "include_juce_dsp.mm";
			path = "../../JuceLibraryCode/include_juce_dsp.mm";
			sourceTree = "SOURCE_ROOT";
		};
		0437CC44C1E6523CFD5DBDDD = {
			isa = PBXGroup;
			children = (
				22E51F636328C382FFDA1A9C,
				8A6F382A5F8018238A9E6B74,
				1680417E19C3449C97BBD294,
				934F8B30AD101A82871003AE,
				900D589EACCA7BDCA4AF2FEB,
			);
			name = Synth;
			sourceTree = "<group>";
		};
		AB370D5867CAE2D13EB9D950 = {
			isa = PBXGroup;
			children = (
				DC08AD1885660D360DDA5AE1,
				7F654678666084763E1317FD,
			);
			name = Editors;
			sourceTree = "<group>";
		};
		64559C2878172D0BAF82922D = {
			isa = PBXGroup;
			children = (
				7D66AA1439DCFF720F9E1DDB,
				5EBC18973F13852E30C52DD5,
			);
			name = Processing;
			sourceTree = "<group>";
		};
		8229CA19728B83F48CDE6C20 = {
			isa = PBXGroup;
			children = (
				C263A82BA0307F749A46BFF6,
				EA72CCDFDC52175BABFEC299,
				248D4E4A3B4F1DC7495599FF,
				39CDF73BFF0ABC1F9CA33CBC,
			);
			name = DSPs;
			sourceTree = "<group>";
		};
		89F545796724D8D94844D5B2 = {
			isa = PBXGroup;
			children = (
				B3A7B4624B73DE460EBE3E38,
				C8AC3E98741CE062E9535B30,
				489394C79C117D886215BA48,
				53E07AD78D513DC2FAFF3FF5,
				A28AD3D54002E10470975424,
				E51C182A9177ED8E6686A85E,
				5D49B7FDC8CD5DC42425E1D7,
				3BBCA715CEEBBF534907DB09,
				3E5DB9CD89158A8C68BB5E6C,
				7B92142BD2EA8F9397489461,
				0EAEB7725F7A9668F7224CA1,
				3D1AF9536AC6717204DB81FD,
				8D9EF32F95E30DC04A6BED68,
				FA8CB8C444FD1364FC688ABE,
			);
			name = libs;
			sourceTree = "<group>";
		};
		096CB1E28E6DC8ED6D25F068 = {
			isa = PBXGroup;
			children = (
				89F545796724D8D94844D5B2,
				F7C5E08C15D63A0D810A54C8,
				7142E2C9EDF5640429892BA7,
				4180A9A9AF5F66BB1102CB36,
			);
			name = Maximilian;
			sourceTree = "<group>";
		};
		B42C357B20DE716C8EB3ED9D = {
			isa = PBXGroup;
			children = (
				0437CC44C1E6523CFD5DBDDD,
				AB370D5867CAE2D13EB9D950,
				64559C2878172D0BAF82922D,
				8229CA19728B83F48CDE6C20,
				096CB1E28E6DC8ED6D25F068,
			);
			name = Source;
			sourceTree = "<group>";
		};
		23815AC173B7B480BBF73CF4 = {
			isa = PBXGroup;
			children = (
				B42C357B20DE716C8EB3ED9D,
				3318AC0A975959B99136ADAA,
				FCDC25609D03CD5F31A09E94,
			);
			name = TFX;
			sourceTree = "<group>";
		};
		274C54C6C19562022ACB4A2E = {
			isa = PBXGroup;
			children = (
				BA50080A95359B281CB42C4E,
				16880488028F689D9348FF71,
				96ED3B0DD5E26616F823EAF8,
				600B930DDFD2A03D402EC97F,
				92DEE12E6C86E38F2053C386,
				7583118DC3DB096E320768DB,
				BE0A12DCCE5C8F58AC1DDE65,
				A1440DAB0D2521E67F4E2C7B,
				0B3DD826395C23DBDC34F619,
				78EA8BED64F07E8746F29BCE,
				42A585BD05B70369D5DA0D72,
				4B3399C7A79A7476A6131C92,
				68FA6A26E88A9817C36BD992,
				19E67D2A17FFCA2FA1F381FA,
				752DEB01EDD0D0650FE7CD1D,
				3C8F0282ED1B80C02213DF7E,
			);
			name = "JUCE Modules";
			sourceTree = "<group>";
		};
		0242E8ED852BE4FF9F3C7CCC = {
			isa = PBXGroup;
			children = (
				27A341FE3C8A6E84492E40F9,
				A5F7AF69990D403C4F7B210F,
				F8EF1309F18F7F7509C3694A,
				951A525882B87EABC162C190,
				87EC898AF994BC9AFA05C6C9,
				488C2CB8BDD96F3DF6F9912C,
				B797CC20488A6358E8C5509D,
				CE320C89F5BC97B56C68AEBE,
				0BB38D69F366D955F635E3CB,
				4EB0E74D8348CD0EF8EF17C0,
				9AAE43C87FA85CB3AD6301B7,
				4B3AFB934C20280C035A8283,
				AE87B9A7AD921481700227BB,
				A2E2055A0073C6B15302572A,
				0E7E60C0C701DC21CA5A6E7C,
				E451CA2EB27E6EF98048E814,
				FEE7401538538306A4CE8165,
				0F0AD9D49410178840B63E84,
				C1B146B98BB4972140C425D5,
				38E1F733689930F54C9680DF,
				1B13148A1F348D9C34C15AE9,
				8863CCA4AA7D0E9F492A0965,
				764167B10DBEBE0AE7AD19B1,
				A91B7A5FA4D7FFB5A3D39AA3,
				736BE58C2C78697023B268D6,
			);
			name = "JUCE Library Code";
			sourceTree = "<group>";
		};
		C52DAF9471DEF201C77F9F7E = {
			isa = PBXGroup;
			children = (
				3E68586BD38D7FA0CF9C6765,
				4A520F463497140330189501,
				659299A22AC453C1381A44F9,
				26D6C481142C9AD541C0892E,
			);
			name = Resources;
			sourceTree = "<group>";
		};
		87E90874E1E44ABA5892454D = {
			isa = PBXGroup;
			children = (
				9E8E4AFA7C70F822323DC9C8,
				72305DC3B154A57582317C61,
				E2E5B587E70F07D7A40CDB00,
				0CB0AC13605043E73379440E,
				F046A32E1B9976A9E7B0C1FF,
				995C70BB20E14D985FDA5DFF,
				773801B5CC8FBCF06BB56028,
				ACF29FDEC623EBC92022498C,
				D7277F64B5B8457FD78B8616,
				F2F1E993C8C00397C900DDC7,
				7B845F018A9C395E14D581F0,
				FCA2D5F4446AAC91536825C7,
				3E371C4482BE3928B25AC3B2,
				072EA0C0E22E858DF862B810,
				8061C26A256EE96B052DBBCD,
				EE775C4899E4A6E51A97DA98,
			);
			name = Frameworks;
			sourceTree = "<group>";
		};
		648F3A1A1C9EA0BC45063418 = {
			isa = PBXGroup;
			children = (
				D4DA039DED4D7C28CDF95D88,
				79E8133CAB001003E3EF688B,
				289EA1DD921DEF428A6FDA60,
				FED11CBE7845F47C48658244,
			);
			name = Products;
			sourceTree = "<group>";
		};
		D2CC31E3BBCDFF0DEF861E9E = {
			isa = PBXGroup;
			children = (
				23815AC173B7B480BBF73CF4,
				274C54C6C19562022ACB4A2E,
				0242E8ED852BE4FF9F3C7CCC,
				C52DAF9471DEF201C77F9F7E,
				87E90874E1E44ABA5892454D,
				648F3A1A1C9EA0BC45063418,
			);
			name = Source;
			sourceTree = "<group>";
		};
		FD921DE52945AB1E15DCA34C = {
			isa = PBXTargetDependency;
			target = 72FC7BC2EDFEF49407F458F3;
		};
		F0723B1388EEBC41BDDF16B5 = {
			isa = PBXTargetDependency;
			target = 63D89DF737440B9D5FCFB09C;
		};
		5BB451443848657A26E04A7D = {
			isa = PBXTargetDependency;
			target = C49697A53785AED681DE456E;
		};
		71C50C0BD02F390F4956CA96 = {
			isa = PBXTargetDependency;
			target = 730F03ADA91844EC441AD09E;
		};
		752284A3F787EA549E257240 = {
			isa = PBXTargetDependency;
			target = 730F03ADA91844EC441AD09E;
		};
		9CDEF1E7E926C15124C85414 = {
			isa = PBXTargetDependency;
			target = 730F03ADA91844EC441AD09E;
		};
		894D7C242315D750F3268FE5 = {
			isa = PBXTargetDependency;
			target = 730F03ADA91844EC441AD09E;
		};
		0AB468B390573039845CD4CE = {
			isa = XCBuildConfiguration;
			buildSettings = {
				MACOSX_DEPLOYMENT_TARGET = 10.11;
				SDKROOT = macosx;
			};
			name = Debug;
		};
		FD93AC4566980FF0568432AB = {
			isa = XCBuildConfiguration;
			buildSettings = {
				MACOSX_DEPLOYMENT_TARGET = 10.11;
				SDKROOT = macosx;
			};
			name = Release;
		};
		A7722B39F8E71573BE87DA19 = {
			isa = XCBuildConfiguration;
			buildSettings = {
				CLANG_CXX_LANGUAGE_STANDARD = "c++14";
				CLANG_CXX_LIBRARY = "libc++";
				CLANG_LINK_OBJC_RUNTIME = NO;
				CODE_SIGN_IDENTITY = "";
				COMBINE_HIDPI_IMAGES = YES;
				CONFIGURATION_BUILD_DIR = "$(PROJECT_DIR)/build/$(CONFIGURATION)";
				COPY_PHASE_STRIP = NO;
				DEPLOYMENT_LOCATION = YES;
				DSTROOT = /;
				GCC_DYNAMIC_NO_PIC = NO;
				GCC_OPTIMIZATION_LEVEL = 0;
				GCC_PREPROCESSOR_DEFINITIONS = (
					"_DEBUG=1",
					"DEBUG=1",
					"JUCER_XCODE_MAC_F6D2F4CF=1",
					"JUCE_APP_VERSION=1.0.0",
					"JUCE_APP_VERSION_HEX=0x10000",
					"JucePlugin_Build_VST=0",
					"JucePlugin_Build_VST3=1",
					"JucePlugin_Build_AU=0",
					"JucePlugin_Build_AUv3=0",
					"JucePlugin_Build_RTAS=0",
					"JucePlugin_Build_AAX=0",
					"JucePlugin_Build_Standalone=0",
					"JucePlugin_Build_Unity=0",
				);
				GCC_VERSION = com.apple.compilers.llvm.clang.1_0;
				GENERATE_PKGINFO_FILE = YES;
				HEADER_SEARCH_PATHS = (
					"/Applications/JUCE/modules/juce_audio_processors/format_types/VST3_SDK",
					"/Applications/JUCE",
					"../../JuceLibraryCode",
					"/Applications/JUCE/modules",
					"/Users/stijn/Documents/Maximilian",
					"/Applications/JUCE/modules/juce_audio_plugin_client",
					"$(inherited)",
				);
				INFOPLIST_FILE = Info-VST3.plist;
				INFOPLIST_PREPROCESS = NO;
				INSTALL_PATH = "$(HOME)/Library/Audio/Plug-Ins/VST3/";
				LIBRARY_STYLE = Bundle;
				MACOSX_DEPLOYMENT_TARGET = 10.11;
				OTHER_LDFLAGS = "-bundle -lTFX";
				PRODUCT_BUNDLE_IDENTIFIER = com.yourcompany.TFX;
				PRODUCT_NAME = "TFX";
				USE_HEADERMAP = NO;
				WRAPPER_EXTENSION = vst3;
			};
			name = Debug;
		};
		3BA35D77923B5489EEAA9297 = {
			isa = XCBuildConfiguration;
			buildSettings = {
				CLANG_CXX_LANGUAGE_STANDARD = "c++14";
				CLANG_CXX_LIBRARY = "libc++";
				CLANG_LINK_OBJC_RUNTIME = NO;
				CODE_SIGN_IDENTITY = "";
				COMBINE_HIDPI_IMAGES = YES;
				CONFIGURATION_BUILD_DIR = "$(PROJECT_DIR)/build/$(CONFIGURATION)";
				DEAD_CODE_STRIPPING = YES;
				DEPLOYMENT_LOCATION = YES;
				DSTROOT = /;
				GCC_GENERATE_DEBUGGING_SYMBOLS = NO;
				GCC_OPTIMIZATION_LEVEL = 3;
				GCC_PREPROCESSOR_DEFINITIONS = (
					"_NDEBUG=1",
					"NDEBUG=1",
					"JUCER_XCODE_MAC_F6D2F4CF=1",
					"JUCE_APP_VERSION=1.0.0",
					"JUCE_APP_VERSION_HEX=0x10000",
					"JucePlugin_Build_VST=0",
					"JucePlugin_Build_VST3=1",
					"JucePlugin_Build_AU=0",
					"JucePlugin_Build_AUv3=0",
					"JucePlugin_Build_RTAS=0",
					"JucePlugin_Build_AAX=0",
					"JucePlugin_Build_Standalone=0",
					"JucePlugin_Build_Unity=0",
				);
				GCC_VERSION = com.apple.compilers.llvm.clang.1_0;
				GENERATE_PKGINFO_FILE = YES;
				HEADER_SEARCH_PATHS = (
					"/Applications/JUCE/modules/juce_audio_processors/format_types/VST3_SDK",
					"/Applications/JUCE",
					"../../JuceLibraryCode",
					"/Applications/JUCE/modules",
					"/Applications/JUCE/modules/juce_audio_plugin_client",
					"$(inherited)",
				);
				INFOPLIST_FILE = Info-VST3.plist;
				INFOPLIST_PREPROCESS = NO;
				INSTALL_PATH = "$(HOME)/Library/Audio/Plug-Ins/VST3/";
				LIBRARY_STYLE = Bundle;
				LLVM_LTO = YES;
				MACOSX_DEPLOYMENT_TARGET = 10.11;
				OTHER_LDFLAGS = "-bundle -lTFX";
				PRODUCT_BUNDLE_IDENTIFIER = com.yourcompany.TFX;
				PRODUCT_NAME = "TFX";
				USE_HEADERMAP = NO;
				WRAPPER_EXTENSION = vst3;
			};
			name = Release;
		};
		875534F3A1A942161679A9C2 = {
			isa = XCBuildConfiguration;
			buildSettings = {
				CLANG_CXX_LANGUAGE_STANDARD = "c++14";
				CLANG_CXX_LIBRARY = "libc++";
				CLANG_LINK_OBJC_RUNTIME = NO;
				CODE_SIGN_IDENTITY = "";
				COMBINE_HIDPI_IMAGES = YES;
				CONFIGURATION_BUILD_DIR = "$(PROJECT_DIR)/build/$(CONFIGURATION)";
				COPY_PHASE_STRIP = NO;
				DEPLOYMENT_LOCATION = YES;
				DSTROOT = /;
				GCC_DYNAMIC_NO_PIC = NO;
				GCC_OPTIMIZATION_LEVEL = 0;
				GCC_PREPROCESSOR_DEFINITIONS = (
					"_DEBUG=1",
					"DEBUG=1",
					"JUCER_XCODE_MAC_F6D2F4CF=1",
					"JUCE_APP_VERSION=1.0.0",
					"JUCE_APP_VERSION_HEX=0x10000",
					"JucePlugin_Build_VST=0",
					"JucePlugin_Build_VST3=0",
					"JucePlugin_Build_AU=1",
					"JucePlugin_Build_AUv3=0",
					"JucePlugin_Build_RTAS=0",
					"JucePlugin_Build_AAX=0",
					"JucePlugin_Build_Standalone=0",
					"JucePlugin_Build_Unity=0",
				);
				GCC_VERSION = com.apple.compilers.llvm.clang.1_0;
				GENERATE_PKGINFO_FILE = YES;
				HEADER_SEARCH_PATHS = (
					"/Applications/JUCE/modules/juce_audio_processors/format_types/VST3_SDK",
					"/Applications/JUCE",
					"../../JuceLibraryCode",
					"/Applications/JUCE/modules",
					"/Users/stijn/Documents/Maximilian",
					"/Applications/JUCE/modules/juce_audio_plugin_client",
					"$(inherited)",
				);
				INFOPLIST_FILE = Info-AU.plist;
				INFOPLIST_PREPROCESS = NO;
				INSTALL_PATH = "$(HOME)/Library/Audio/Plug-Ins/Components/";
				LIBRARY_STYLE = Bundle;
				MACOSX_DEPLOYMENT_TARGET = 10.11;
				OTHER_LDFLAGS = "-bundle -lTFX";
				OTHER_REZFLAGS = "-d ppc_$ppc -d i386_$i386 -d ppc64_$ppc64 -d x86_64_$x86_64 -I /System/Library/Frameworks/CoreServices.framework/Frameworks/CarbonCore.framework/Versions/A/Headers -I \"$(DEVELOPER_DIR)/Extras/CoreAudio/AudioUnits/AUPublic/AUBase\" -I \"$(DEVELOPER_DIR)/Platforms/MacOSX.platform/Developer/SDKs/MacOSX.sdk/System/Library/Frameworks/AudioUnit.framework/Headers\"";
				PRODUCT_BUNDLE_IDENTIFIER = com.yourcompany.TFX;
				PRODUCT_NAME = "TFX";
				USE_HEADERMAP = NO;
				WRAPPER_EXTENSION = component;
			};
			name = Debug;
		};
		C94A3737C1F365BB7726E19E = {
			isa = XCBuildConfiguration;
			buildSettings = {
				CLANG_CXX_LANGUAGE_STANDARD = "c++14";
				CLANG_CXX_LIBRARY = "libc++";
				CLANG_LINK_OBJC_RUNTIME = NO;
				CODE_SIGN_IDENTITY = "";
				COMBINE_HIDPI_IMAGES = YES;
				CONFIGURATION_BUILD_DIR = "$(PROJECT_DIR)/build/$(CONFIGURATION)";
				DEAD_CODE_STRIPPING = YES;
				DEPLOYMENT_LOCATION = YES;
				DSTROOT = /;
				GCC_GENERATE_DEBUGGING_SYMBOLS = NO;
				GCC_OPTIMIZATION_LEVEL = 3;
				GCC_PREPROCESSOR_DEFINITIONS = (
					"_NDEBUG=1",
					"NDEBUG=1",
					"JUCER_XCODE_MAC_F6D2F4CF=1",
					"JUCE_APP_VERSION=1.0.0",
					"JUCE_APP_VERSION_HEX=0x10000",
					"JucePlugin_Build_VST=0",
					"JucePlugin_Build_VST3=0",
					"JucePlugin_Build_AU=1",
					"JucePlugin_Build_AUv3=0",
					"JucePlugin_Build_RTAS=0",
					"JucePlugin_Build_AAX=0",
					"JucePlugin_Build_Standalone=0",
					"JucePlugin_Build_Unity=0",
				);
				GCC_VERSION = com.apple.compilers.llvm.clang.1_0;
				GENERATE_PKGINFO_FILE = YES;
				HEADER_SEARCH_PATHS = (
					"/Applications/JUCE/modules/juce_audio_processors/format_types/VST3_SDK",
					"/Applications/JUCE",
					"../../JuceLibraryCode",
					"/Applications/JUCE/modules",
					"/Applications/JUCE/modules/juce_audio_plugin_client",
					"$(inherited)",
				);
				INFOPLIST_FILE = Info-AU.plist;
				INFOPLIST_PREPROCESS = NO;
				INSTALL_PATH = "$(HOME)/Library/Audio/Plug-Ins/Components/";
				LIBRARY_STYLE = Bundle;
				LLVM_LTO = YES;
				MACOSX_DEPLOYMENT_TARGET = 10.11;
				OTHER_LDFLAGS = "-bundle -lTFX";
				OTHER_REZFLAGS = "-d ppc_$ppc -d i386_$i386 -d ppc64_$ppc64 -d x86_64_$x86_64 -I /System/Library/Frameworks/CoreServices.framework/Frameworks/CarbonCore.framework/Versions/A/Headers -I \"$(DEVELOPER_DIR)/Extras/CoreAudio/AudioUnits/AUPublic/AUBase\" -I \"$(DEVELOPER_DIR)/Platforms/MacOSX.platform/Developer/SDKs/MacOSX.sdk/System/Library/Frameworks/AudioUnit.framework/Headers\"";
				PRODUCT_BUNDLE_IDENTIFIER = com.yourcompany.TFX;
				PRODUCT_NAME = "TFX";
				USE_HEADERMAP = NO;
				WRAPPER_EXTENSION = component;
			};
			name = Release;
		};
		D2C911B0D841DD301A2CB4F4 = {
			isa = XCBuildConfiguration;
			buildSettings = {
				CLANG_CXX_LANGUAGE_STANDARD = "c++14";
				CLANG_CXX_LIBRARY = "libc++";
				CLANG_LINK_OBJC_RUNTIME = NO;
				CODE_SIGN_IDENTITY = "";
				COMBINE_HIDPI_IMAGES = YES;
				CONFIGURATION_BUILD_DIR = "$(PROJECT_DIR)/build/$(CONFIGURATION)";
				COPY_PHASE_STRIP = NO;
				GCC_DYNAMIC_NO_PIC = NO;
				GCC_OPTIMIZATION_LEVEL = 0;
				GCC_PREPROCESSOR_DEFINITIONS = (
					"_DEBUG=1",
					"DEBUG=1",
					"JUCER_XCODE_MAC_F6D2F4CF=1",
					"JUCE_APP_VERSION=1.0.0",
					"JUCE_APP_VERSION_HEX=0x10000",
					"JucePlugin_Build_VST=0",
					"JucePlugin_Build_VST3=0",
					"JucePlugin_Build_AU=0",
					"JucePlugin_Build_AUv3=0",
					"JucePlugin_Build_RTAS=0",
					"JucePlugin_Build_AAX=0",
					"JucePlugin_Build_Standalone=1",
					"JucePlugin_Build_Unity=0",
				);
				GCC_VERSION = com.apple.compilers.llvm.clang.1_0;
				HEADER_SEARCH_PATHS = (
					"/Applications/JUCE/modules/juce_audio_processors/format_types/VST3_SDK",
					"/Applications/JUCE",
					"../../JuceLibraryCode",
					"/Applications/JUCE/modules",
					"/Users/stijn/Documents/Maximilian",
					"/Applications/JUCE/modules/juce_audio_plugin_client",
					"$(inherited)",
				);
				INFOPLIST_FILE = Info-Standalone_Plugin.plist;
				INFOPLIST_PREPROCESS = NO;
				MACOSX_DEPLOYMENT_TARGET = 10.11;
				OTHER_LDFLAGS = "-lTFX";
				PRODUCT_BUNDLE_IDENTIFIER = com.yourcompany.TFX;
				PRODUCT_NAME = "TFX";
				USE_HEADERMAP = NO;
			};
			name = Debug;
		};
		82D6BBF955E4A22B9F53D15B = {
			isa = XCBuildConfiguration;
			buildSettings = {
				CLANG_CXX_LANGUAGE_STANDARD = "c++14";
				CLANG_CXX_LIBRARY = "libc++";
				CLANG_LINK_OBJC_RUNTIME = NO;
				CODE_SIGN_IDENTITY = "";
				COMBINE_HIDPI_IMAGES = YES;
				CONFIGURATION_BUILD_DIR = "$(PROJECT_DIR)/build/$(CONFIGURATION)";
				DEAD_CODE_STRIPPING = YES;
				GCC_GENERATE_DEBUGGING_SYMBOLS = NO;
				GCC_OPTIMIZATION_LEVEL = 3;
				GCC_PREPROCESSOR_DEFINITIONS = (
					"_NDEBUG=1",
					"NDEBUG=1",
					"JUCER_XCODE_MAC_F6D2F4CF=1",
					"JUCE_APP_VERSION=1.0.0",
					"JUCE_APP_VERSION_HEX=0x10000",
					"JucePlugin_Build_VST=0",
					"JucePlugin_Build_VST3=0",
					"JucePlugin_Build_AU=0",
					"JucePlugin_Build_AUv3=0",
					"JucePlugin_Build_RTAS=0",
					"JucePlugin_Build_AAX=0",
					"JucePlugin_Build_Standalone=1",
					"JucePlugin_Build_Unity=0",
				);
				GCC_VERSION = com.apple.compilers.llvm.clang.1_0;
				HEADER_SEARCH_PATHS = (
					"/Applications/JUCE/modules/juce_audio_processors/format_types/VST3_SDK",
					"/Applications/JUCE",
					"../../JuceLibraryCode",
					"/Applications/JUCE/modules",
					"/Applications/JUCE/modules/juce_audio_plugin_client",
					"$(inherited)",
				);
				INFOPLIST_FILE = Info-Standalone_Plugin.plist;
				INFOPLIST_PREPROCESS = NO;
				LLVM_LTO = YES;
				MACOSX_DEPLOYMENT_TARGET = 10.11;
				OTHER_LDFLAGS = "-lTFX";
				PRODUCT_BUNDLE_IDENTIFIER = com.yourcompany.TFX;
				PRODUCT_NAME = "TFX";
				USE_HEADERMAP = NO;
			};
			name = Release;
		};
		296904A9E6AE8184F1AE36FE = {
			isa = XCBuildConfiguration;
			buildSettings = {
				CLANG_CXX_LANGUAGE_STANDARD = "c++14";
				CLANG_CXX_LIBRARY = "libc++";
				CLANG_LINK_OBJC_RUNTIME = NO;
				CODE_SIGN_IDENTITY = "";
				COMBINE_HIDPI_IMAGES = YES;
				CONFIGURATION_BUILD_DIR = "$(PROJECT_DIR)/build/$(CONFIGURATION)";
				COPY_PHASE_STRIP = NO;
				GCC_DYNAMIC_NO_PIC = NO;
				GCC_OPTIMIZATION_LEVEL = 0;
				GCC_PREPROCESSOR_DEFINITIONS = (
					"_DEBUG=1",
					"DEBUG=1",
					"JUCER_XCODE_MAC_F6D2F4CF=1",
					"JUCE_APP_VERSION=1.0.0",
					"JUCE_APP_VERSION_HEX=0x10000",
					"JucePlugin_Build_VST=0",
					"JucePlugin_Build_VST3=1",
					"JucePlugin_Build_AU=1",
					"JucePlugin_Build_AUv3=0",
					"JucePlugin_Build_RTAS=0",
					"JucePlugin_Build_AAX=0",
					"JucePlugin_Build_Standalone=1",
					"JucePlugin_Build_Unity=0",
					"JUCE_SHARED_CODE=1",
				);
				GCC_VERSION = com.apple.compilers.llvm.clang.1_0;
				HEADER_SEARCH_PATHS = (
					"/Applications/JUCE/modules/juce_audio_processors/format_types/VST3_SDK",
					"/Applications/JUCE",
					"../../JuceLibraryCode",
					"/Applications/JUCE/modules",
					"/Users/stijn/Documents/Maximilian",
					"/Applications/JUCE/modules/juce_audio_plugin_client",
					"$(inherited)",
				);
				INSTALL_PATH = "@executable_path/../Frameworks";
				MACOSX_DEPLOYMENT_TARGET = 10.11;
				PRODUCT_BUNDLE_IDENTIFIER = com.yourcompany.TFX;
				PRODUCT_NAME = "TFX";
				SKIP_INSTALL = YES;
				USE_HEADERMAP = NO;
			};
			name = Debug;
		};
		BC9956D1037E59D31ABB54C2 = {
			isa = XCBuildConfiguration;
			buildSettings = {
				CLANG_CXX_LANGUAGE_STANDARD = "c++14";
				CLANG_CXX_LIBRARY = "libc++";
				CLANG_LINK_OBJC_RUNTIME = NO;
				CODE_SIGN_IDENTITY = "";
				COMBINE_HIDPI_IMAGES = YES;
				CONFIGURATION_BUILD_DIR = "$(PROJECT_DIR)/build/$(CONFIGURATION)";
				DEAD_CODE_STRIPPING = YES;
				GCC_GENERATE_DEBUGGING_SYMBOLS = NO;
				GCC_OPTIMIZATION_LEVEL = 3;
				GCC_PREPROCESSOR_DEFINITIONS = (
					"_NDEBUG=1",
					"NDEBUG=1",
					"JUCER_XCODE_MAC_F6D2F4CF=1",
					"JUCE_APP_VERSION=1.0.0",
					"JUCE_APP_VERSION_HEX=0x10000",
					"JucePlugin_Build_VST=0",
					"JucePlugin_Build_VST3=1",
					"JucePlugin_Build_AU=1",
					"JucePlugin_Build_AUv3=0",
					"JucePlugin_Build_RTAS=0",
					"JucePlugin_Build_AAX=0",
					"JucePlugin_Build_Standalone=1",
					"JucePlugin_Build_Unity=0",
					"JUCE_SHARED_CODE=1",
				);
				GCC_VERSION = com.apple.compilers.llvm.clang.1_0;
				HEADER_SEARCH_PATHS = (
					"/Applications/JUCE/modules/juce_audio_processors/format_types/VST3_SDK",
					"/Applications/JUCE",
					"../../JuceLibraryCode",
					"/Applications/JUCE/modules",
					"/Applications/JUCE/modules/juce_audio_plugin_client",
					"$(inherited)",
				);
				INSTALL_PATH = "@executable_path/../Frameworks";
				LLVM_LTO = YES;
				MACOSX_DEPLOYMENT_TARGET = 10.11;
				PRODUCT_BUNDLE_IDENTIFIER = com.yourcompany.TFX;
				PRODUCT_NAME = "TFX";
				SKIP_INSTALL = YES;
				USE_HEADERMAP = NO;
			};
			name = Release;
		};
		24D514011854679FC155D60D = {
			isa = XCBuildConfiguration;
			buildSettings = {
				ALWAYS_SEARCH_USER_PATHS = NO;
				CLANG_ENABLE_OBJC_WEAK = YES;
				CLANG_WARN_BLOCK_CAPTURE_AUTORELEASING = YES;
				CLANG_WARN_BOOL_CONVERSION = YES;
				CLANG_WARN_COMMA = YES;
				CLANG_WARN_CONSTANT_CONVERSION = YES;
				CLANG_WARN_DEPRECATED_OBJC_IMPLEMENTATIONS = YES;
				CLANG_WARN_EMPTY_BODY = YES;
				CLANG_WARN_ENUM_CONVERSION = YES;
				CLANG_WARN_INFINITE_RECURSION = YES;
				CLANG_WARN_INT_CONVERSION = YES;
				CLANG_WARN_NON_LITERAL_NULL_CONVERSION = YES;
				CLANG_WARN_OBJC_IMPLICIT_RETAIN_SELF = YES;
				CLANG_WARN_OBJC_LITERAL_CONVERSION = YES;
				CLANG_WARN_RANGE_LOOP_ANALYSIS = YES;
				CLANG_WARN_STRICT_PROTOTYPES = YES;
				CLANG_WARN_SUSPICIOUS_MOVE = YES;
				CLANG_WARN_UNREACHABLE_CODE = YES;
				CLANG_WARN__DUPLICATE_METHOD_MATCH = YES;
				CODE_SIGN_IDENTITY = "";
				DEBUG_INFORMATION_FORMAT = dwarf;
				ENABLE_STRICT_OBJC_MSGSEND = YES;
				ENABLE_TESTABILITY = NO;
				GCC_C_LANGUAGE_STANDARD = c11;
				GCC_INLINES_ARE_PRIVATE_EXTERN = YES;
				GCC_MODEL_TUNING = G5;
				GCC_NO_COMMON_BLOCKS = YES;
				GCC_SYMBOLS_PRIVATE_EXTERN = YES;
				GCC_WARN_64_TO_32_BIT_CONVERSION = YES;
				GCC_WARN_ABOUT_RETURN_TYPE = YES;
				GCC_WARN_CHECK_SWITCH_STATEMENTS = YES;
				GCC_WARN_MISSING_PARENTHESES = YES;
				GCC_WARN_NON_VIRTUAL_DESTRUCTOR = YES;
				GCC_WARN_TYPECHECK_CALLS_TO_PRINTF = YES;
				GCC_WARN_UNDECLARED_SELECTOR = YES;
				GCC_WARN_UNINITIALIZED_AUTOS = YES;
				GCC_WARN_UNUSED_FUNCTION = YES;
				GCC_WARN_UNUSED_VARIABLE = YES;
				ONLY_ACTIVE_ARCH = YES;
				PRODUCT_NAME = "TFX";
				SDKROOT = macosx;
				WARNING_CFLAGS = "-Wreorder";
				ZERO_LINK = NO;
			};
			name = Debug;
		};
		861AA75AFDA1122C01EFF49B = {
			isa = XCBuildConfiguration;
			buildSettings = {
				ALWAYS_SEARCH_USER_PATHS = NO;
				CLANG_ENABLE_OBJC_WEAK = YES;
				CLANG_WARN_BLOCK_CAPTURE_AUTORELEASING = YES;
				CLANG_WARN_BOOL_CONVERSION = YES;
				CLANG_WARN_COMMA = YES;
				CLANG_WARN_CONSTANT_CONVERSION = YES;
				CLANG_WARN_DEPRECATED_OBJC_IMPLEMENTATIONS = YES;
				CLANG_WARN_EMPTY_BODY = YES;
				CLANG_WARN_ENUM_CONVERSION = YES;
				CLANG_WARN_INFINITE_RECURSION = YES;
				CLANG_WARN_INT_CONVERSION = YES;
				CLANG_WARN_NON_LITERAL_NULL_CONVERSION = YES;
				CLANG_WARN_OBJC_IMPLICIT_RETAIN_SELF = YES;
				CLANG_WARN_OBJC_LITERAL_CONVERSION = YES;
				CLANG_WARN_RANGE_LOOP_ANALYSIS = YES;
				CLANG_WARN_STRICT_PROTOTYPES = YES;
				CLANG_WARN_SUSPICIOUS_MOVE = YES;
				CLANG_WARN_UNREACHABLE_CODE = YES;
				CLANG_WARN__DUPLICATE_METHOD_MATCH = YES;
				CODE_SIGN_IDENTITY = "";
				DEBUG_INFORMATION_FORMAT = dwarf;
				ENABLE_STRICT_OBJC_MSGSEND = YES;
				ENABLE_TESTABILITY = NO;
				GCC_C_LANGUAGE_STANDARD = c11;
				GCC_INLINES_ARE_PRIVATE_EXTERN = YES;
				GCC_MODEL_TUNING = G5;
				GCC_NO_COMMON_BLOCKS = YES;
				GCC_SYMBOLS_PRIVATE_EXTERN = YES;
				GCC_WARN_64_TO_32_BIT_CONVERSION = YES;
				GCC_WARN_ABOUT_RETURN_TYPE = YES;
				GCC_WARN_CHECK_SWITCH_STATEMENTS = YES;
				GCC_WARN_MISSING_PARENTHESES = YES;
				GCC_WARN_NON_VIRTUAL_DESTRUCTOR = YES;
				GCC_WARN_TYPECHECK_CALLS_TO_PRINTF = YES;
				GCC_WARN_UNDECLARED_SELECTOR = YES;
				GCC_WARN_UNINITIALIZED_AUTOS = YES;
				GCC_WARN_UNUSED_FUNCTION = YES;
				GCC_WARN_UNUSED_VARIABLE = YES;
				PRODUCT_NAME = "TFX";
				SDKROOT = macosx;
				WARNING_CFLAGS = "-Wreorder";
				ZERO_LINK = NO;
			};
			name = Release;
		};
		AA97D3D2959800E6512201C5 = {
			isa = XCConfigurationList;
			buildConfigurations = (
				24D514011854679FC155D60D,
				861AA75AFDA1122C01EFF49B,
			);
			defaultConfigurationIsVisible = 0;
			defaultConfigurationName = Debug;
		};
		A28678F54005B1E285454924 = {
			isa = XCConfigurationList;
			buildConfigurations = (
				0AB468B390573039845CD4CE,
				FD93AC4566980FF0568432AB,
			);
			defaultConfigurationIsVisible = 0;
			defaultConfigurationName = Debug;
		};
		39CDCF1A9C9F9E81AD3A9BD8 = {
			isa = PBXAggregateTarget;
			buildConfigurationList = A28678F54005B1E285454924;
			buildPhases = ( );
			buildRules = ( );
			dependencies = (
				FD921DE52945AB1E15DCA34C,
				F0723B1388EEBC41BDDF16B5,
				5BB451443848657A26E04A7D,
				71C50C0BD02F390F4956CA96,
			);
			name = "TFX - All";
			productName = TFX;
		};
		7A1CBC3C86FD52F710ACB2FC = {
			isa = XCConfigurationList;
			buildConfigurations = (
				A7722B39F8E71573BE87DA19,
				3BA35D77923B5489EEAA9297,
			);
			defaultConfigurationIsVisible = 0;
			defaultConfigurationName = Debug;
		};
		24BF54DBB9540B46E5B32C4B = {
			isa = PBXResourcesBuildPhase;
			buildActionMask = 2147483647;
			files = (
				9439B0CAC7289989E9A953EB,
			);
			runOnlyForDeploymentPostprocessing = 0;
		};
		9591D38B8F302B9A582AE198 = {
			isa = PBXSourcesBuildPhase;
			buildActionMask = 2147483647;
			files = (
				DD1C4DC2F7939087719F2A0B,
			);
			runOnlyForDeploymentPostprocessing = 0;
		};
		1C18BE4C15B3BFBD18832F50 = {
			isa = PBXFrameworksBuildPhase;
			buildActionMask = 2147483647;
			files = (
				91B402B26F94F22679646F26,
				727ADBD8671586206F376BFE,
				95B401AF7989125260E4E91B,
				64A06970F72D6D1CE24BADE7,
				EBC398188424C87D65E9C52D,
				E043A790406119A39F15EE49,
				524E0BA1E4017C43363CCB7D,
				A3B1E3DA7D3BC90583C79892,
				109822ABBA46122A3848218D,
				28B3E09F50E348CC7964672F,
				355268334EB88925B7D8148D,
				0577A1C6F08343140BC251E2,
				91C1F767510FC6D11C407D96,
				4EA846513C962674A1B54F09,
				389EEB1DE6C60DBDD8F18109,
			);
			runOnlyForDeploymentPostprocessing = 0;
		};
		72FC7BC2EDFEF49407F458F3 = {
			isa = PBXNativeTarget;
			buildConfigurationList = 7A1CBC3C86FD52F710ACB2FC;
			buildPhases = (
				24BF54DBB9540B46E5B32C4B,
				9591D38B8F302B9A582AE198,
				1C18BE4C15B3BFBD18832F50,
			);
			buildRules = ( );
			dependencies = (
				752284A3F787EA549E257240,
			);
			name = "TFX - VST3";
			productName = TFX;
			productReference = D4DA039DED4D7C28CDF95D88;
			productType = "com.apple.product-type.bundle";
		};
		25BBC7448C0DCE5A9FB8CF4D = {
			isa = XCConfigurationList;
			buildConfigurations = (
				875534F3A1A942161679A9C2,
				C94A3737C1F365BB7726E19E,
			);
			defaultConfigurationIsVisible = 0;
			defaultConfigurationName = Debug;
		};
		0FCCE7CBBD49B88888A61F83 = {
			isa = PBXResourcesBuildPhase;
			buildActionMask = 2147483647;
			files = (
				9439B0CAC7289989E9A953EB,
			);
			runOnlyForDeploymentPostprocessing = 0;
		};
		6091D7FF6C270A2C4EB6275B = {
			isa = PBXRezBuildPhase;
			buildActionMask = 2147483647;
			files = (
				9FC6D90764DB58F727454FB7,
			);
			runOnlyForDeploymentPostprocessing = 0;
		};
		F2471379637B659F64439FBF = {
			isa = PBXSourcesBuildPhase;
			buildActionMask = 2147483647;
			files = (
				D8C96B1CC113EE9F962C5B5D,
				51530F76ED4712D3F727528D,
			);
			runOnlyForDeploymentPostprocessing = 0;
		};
		209653942942C39BA1570427 = {
			isa = PBXFrameworksBuildPhase;
			buildActionMask = 2147483647;
			files = (
				C9AE08B2F288EFE616AE4A98,
				91B402B26F94F22679646F26,
				727ADBD8671586206F376BFE,
				95B401AF7989125260E4E91B,
				64A06970F72D6D1CE24BADE7,
				EBC398188424C87D65E9C52D,
				E043A790406119A39F15EE49,
				524E0BA1E4017C43363CCB7D,
				A3B1E3DA7D3BC90583C79892,
				109822ABBA46122A3848218D,
				28B3E09F50E348CC7964672F,
				355268334EB88925B7D8148D,
				0577A1C6F08343140BC251E2,
				91C1F767510FC6D11C407D96,
				4EA846513C962674A1B54F09,
				389EEB1DE6C60DBDD8F18109,
			);
			runOnlyForDeploymentPostprocessing = 0;
		};
		63D89DF737440B9D5FCFB09C = {
			isa = PBXNativeTarget;
			buildConfigurationList = 25BBC7448C0DCE5A9FB8CF4D;
			buildPhases = (
				0FCCE7CBBD49B88888A61F83,
				6091D7FF6C270A2C4EB6275B,
				F2471379637B659F64439FBF,
				209653942942C39BA1570427,
			);
			buildRules = ( );
			dependencies = (
				9CDEF1E7E926C15124C85414,
			);
			name = "TFX - AU";
			productName = TFX;
			productReference = 79E8133CAB001003E3EF688B;
			productType = "com.apple.product-type.bundle";
		};
		54284CE24D1B9FA08AB1E3FD = {
			isa = XCConfigurationList;
			buildConfigurations = (
				D2C911B0D841DD301A2CB4F4,
				82D6BBF955E4A22B9F53D15B,
			);
			defaultConfigurationIsVisible = 0;
			defaultConfigurationName = Debug;
		};
		7CF34AEA773C475FB8556197 = {
			isa = PBXResourcesBuildPhase;
			buildActionMask = 2147483647;
			files = (
				9439B0CAC7289989E9A953EB,
			);
			runOnlyForDeploymentPostprocessing = 0;
		};
		60C003E452C608BB6594615A = {
			isa = PBXSourcesBuildPhase;
			buildActionMask = 2147483647;
			files = (
				3D214380127D3D558E894935,
			);
			runOnlyForDeploymentPostprocessing = 0;
		};
		18199BEB7A285B54241F38B0 = {
			isa = PBXFrameworksBuildPhase;
			buildActionMask = 2147483647;
			files = (
				91B402B26F94F22679646F26,
				727ADBD8671586206F376BFE,
				95B401AF7989125260E4E91B,
				64A06970F72D6D1CE24BADE7,
				EBC398188424C87D65E9C52D,
				E043A790406119A39F15EE49,
				524E0BA1E4017C43363CCB7D,
				A3B1E3DA7D3BC90583C79892,
				109822ABBA46122A3848218D,
				28B3E09F50E348CC7964672F,
				355268334EB88925B7D8148D,
				0577A1C6F08343140BC251E2,
				91C1F767510FC6D11C407D96,
				4EA846513C962674A1B54F09,
				389EEB1DE6C60DBDD8F18109,
			);
			runOnlyForDeploymentPostprocessing = 0;
		};
		C49697A53785AED681DE456E = {
			isa = PBXNativeTarget;
			buildConfigurationList = 54284CE24D1B9FA08AB1E3FD;
			buildPhases = (
				7CF34AEA773C475FB8556197,
				60C003E452C608BB6594615A,
				18199BEB7A285B54241F38B0,
			);
			buildRules = ( );
			dependencies = (
				894D7C242315D750F3268FE5,
			);
			name = "TFX - Standalone Plugin";
			productName = TFX;
			productReference = 289EA1DD921DEF428A6FDA60;
			productType = "com.apple.product-type.application";
		};
		5F121D758938417242101F5D = {
			isa = XCConfigurationList;
			buildConfigurations = (
				296904A9E6AE8184F1AE36FE,
				BC9956D1037E59D31ABB54C2,
			);
			defaultConfigurationIsVisible = 0;
			defaultConfigurationName = Debug;
		};
		8A76F6F4AA0B9A1815F5DD15 = {
			isa = PBXSourcesBuildPhase;
			buildActionMask = 2147483647;
			files = (
				A2842DBB4129D5E89098040B,
				C7FFAFDB9EA9CF32CE77E19C,
				0683F303630E4B543C438D41,
				3D0C5B2A1E0532702BAF5490,
				EC24B323401568F08FAD4DB3,
				C550E6A954D98CEE6D60FE1B,
				F528FF31FDF5781C1913C42B,
				74EE7B8C34AC73E213ED77A7,
				5E94DB30C17F7FE73AC38D0F,
				3592CFDEA32E9C62255032D8,
				A8B873DF7A206461790C0ECF,
				53D5AE284C3A7492A58DE084,
				EF40E75940502920AEA38100,
				F7C826C49B37DF560D086C7E,
				E73E5B761674653E33AB0780,
				D5D781CB5FCF4E364D5CACF8,
				13C887543DB16113033CC0C6,
				CE03BB852631D7C0EB0C2228,
				4E6DA37690ACC6BD910CD92B,
				CE6B248B3F1B2003DB368676,
				AA9B44157AF45CD68BA69368,
				955B7A4D1EDFF48CFC147A39,
				0A5034625B5A07A97936DB9F,
				334EF618B59EA73951481B09,
				0042360BA6F64689FC6EA92B,
				EF56CCE08FB30933EE1E7B5B,
				A5C1900CF3F8F708EACE3608,
				C42417DF2862267AB2DD9BF6,
				0A91C451EEC5AC089EA2DD25,
				CCEF69B38C77BC0B0AF17D83,
				E81848B74B45308AECCBD076,
				D9AED40D195BD764AC6ABA4D,
			);
			runOnlyForDeploymentPostprocessing = 0;
		};
		730F03ADA91844EC441AD09E = {
			isa = PBXNativeTarget;
			buildConfigurationList = 5F121D758938417242101F5D;
			buildPhases = (
				8A76F6F4AA0B9A1815F5DD15,
			);
			buildRules = ( );
			dependencies = ( );
			name = "TFX - Shared Code";
			productName = TFX;
			productReference = FED11CBE7845F47C48658244;
			productType = "com.apple.product-type.library.static";
		};
		29DEA63BB0C5519769959D68 = {
			isa = PBXProject;
			buildConfigurationList = AA97D3D2959800E6512201C5;
			attributes = { LastUpgradeCheck = 1100; ORGANIZATIONNAME = ""; TargetAttributes = { 39CDCF1A9C9F9E81AD3A9BD8 = { SystemCapabilities = {com.apple.ApplicationGroups.iOS = { enabled = 0; }; com.apple.InAppPurchase = { enabled = 0; }; com.apple.InterAppAudio = { enabled = 0; }; com.apple.Push = { enabled = 0; }; com.apple.Sandbox = { enabled = 0; }; com.apple.HardenedRuntime = { enabled = 0; }; }; };72FC7BC2EDFEF49407F458F3 = { SystemCapabilities = {com.apple.ApplicationGroups.iOS = { enabled = 0; }; com.apple.InAppPurchase = { enabled = 0; }; com.apple.InterAppAudio = { enabled = 0; }; com.apple.Push = { enabled = 0; }; com.apple.Sandbox = { enabled = 0; }; com.apple.HardenedRuntime = { enabled = 0; }; }; };63D89DF737440B9D5FCFB09C = { SystemCapabilities = {com.apple.ApplicationGroups.iOS = { enabled = 0; }; com.apple.InAppPurchase = { enabled = 0; }; com.apple.InterAppAudio = { enabled = 0; }; com.apple.Push = { enabled = 0; }; com.apple.Sandbox = { enabled = 0; }; com.apple.HardenedRuntime = { enabled = 0; }; }; };C49697A53785AED681DE456E = { SystemCapabilities = {com.apple.ApplicationGroups.iOS = { enabled = 0; }; com.apple.InAppPurchase = { enabled = 0; }; com.apple.InterAppAudio = { enabled = 0; }; com.apple.Push = { enabled = 0; }; com.apple.Sandbox = { enabled = 0; }; com.apple.HardenedRuntime = { enabled = 0; }; }; };730F03ADA91844EC441AD09E = { SystemCapabilities = {com.apple.ApplicationGroups.iOS = { enabled = 0; }; com.apple.InAppPurchase = { enabled = 0; }; com.apple.InterAppAudio = { enabled = 0; }; com.apple.Push = { enabled = 0; }; com.apple.Sandbox = { enabled = 0; }; com.apple.HardenedRuntime = { enabled = 0; }; }; }; }; };
			compatibilityVersion = "Xcode 3.2";
			hasScannedForEncodings = 0;
			mainGroup = D2CC31E3BBCDFF0DEF861E9E;
			projectDirPath = "";
			projectRoot = "";
			targets = (39CDCF1A9C9F9E81AD3A9BD8, 72FC7BC2EDFEF49407F458F3, 63D89DF737440B9D5FCFB09C, C49697A53785AED681DE456E, 730F03ADA91844EC441AD09E);
			knownRegions = (en, Base);
		};
	};
	rootObject = 29DEA63BB0C5519769959D68;
}
